
Microsoft Visual Studio Solution File, Format Version 12.00
# Visual Studio Version 16
VisualStudioVersion = 16.0.31702.278
MinimumVisualStudioVersion = 10.0.40219.1
Project("{8BC9CEB8-8B4A-11D0-8D11-00A0C91BC942}") = "P10", "P10\P10.vcxproj", "{FCE688C5-408B-4C49-AD5A-1D6D7464AED1}"
EndProject
Project("{8BC9CEB8-8B4A-11D0-8D11-00A0C91BC942}") = "P13", "P13\P13.vcxproj", "{C8A6992D-33AC-41F6-873D-AC1EAB1965B4}"
EndProject
Project("{8BC9CEB8-8B4A-11D0-8D11-00A0C91BC942}") = "P15", "P15\P15.vcxproj", "{EBAF5470-8492-4765-8AF7-E65385476660}"
EndProject
Project("{8BC9CEB8-8B4A-11D0-8D11-00A0C91BC942}") = "P16", "P16\P16.vcxproj", "{05D845E6-E573-4CFC-A534-816A2812D4E0}"
EndProject
Project("{8BC9CEB8-8B4A-11D0-8D11-00A0C91BC942}") = "P17", "P17\P17.vcxproj", "{874D8878-FD39-4C0A-B74D-C5F24E9DA0FB}"
EndProject
Project("{8BC9CEB8-8B4A-11D0-8D11-00A0C91BC942}") = "P18", "P18\P18.vcxproj", "{014DA1D9-5997-46F5-A2BB-686221FF6FDF}"
EndProject
Project("{8BC9CEB8-8B4A-11D0-8D11-00A0C91BC942}") = "P19", "P19\P19.vcxproj", "{A835C1A9-FEAE-47E6-B524-E271AAADD29B}"
EndProject
Project("{8BC9CEB8-8B4A-11D0-8D11-00A0C91BC942}") = "P23", "P23\P23.vcxproj", "{455F9934-B2AF-43FE-98EB-EA0C7F9D9F75}"
EndProject
Project("{8BC9CEB8-8B4A-11D0-8D11-00A0C91BC942}") = "P24", "P24\P24.vcxproj", "{12C58588-092F-4070-90D7-2534DAFAE33C}"
EndProject
Project("{8BC9CEB8-8B4A-11D0-8D11-00A0C91BC942}") = "P25", "P25\P25.vcxproj", "{E2009F10-04CF-451C-9045-A7AC9E536014}"
EndProject
Global
	GlobalSection(SolutionConfigurationPlatforms) = preSolution
		Debug|x64 = Debug|x64
		Debug|x86 = Debug|x86
		Release|x64 = Release|x64
		Release|x86 = Release|x86
	EndGlobalSection
	GlobalSection(ProjectConfigurationPlatforms) = postSolution
		{FCE688C5-408B-4C49-AD5A-1D6D7464AED1}.Debug|x64.ActiveCfg = Debug|x64
		{FCE688C5-408B-4C49-AD5A-1D6D7464AED1}.Debug|x64.Build.0 = Debug|x64
		{FCE688C5-408B-4C49-AD5A-1D6D7464AED1}.Debug|x86.ActiveCfg = Debug|Win32
		{FCE688C5-408B-4C49-AD5A-1D6D7464AED1}.Debug|x86.Build.0 = Debug|Win32
		{FCE688C5-408B-4C49-AD5A-1D6D7464AED1}.Release|x64.ActiveCfg = Release|x64
		{FCE688C5-408B-4C49-AD5A-1D6D7464AED1}.Release|x64.Build.0 = Release|x64
		{FCE688C5-408B-4C49-AD5A-1D6D7464AED1}.Release|x86.ActiveCfg = Release|Win32
		{FCE688C5-408B-4C49-AD5A-1D6D7464AED1}.Release|x86.Build.0 = Release|Win32
		{C8A6992D-33AC-41F6-873D-AC1EAB1965B4}.Debug|x64.ActiveCfg = Debug|x64
		{C8A6992D-33AC-41F6-873D-AC1EAB1965B4}.Debug|x64.Build.0 = Debug|x64
		{C8A6992D-33AC-41F6-873D-AC1EAB1965B4}.Debug|x86.ActiveCfg = Debug|Win32
		{C8A6992D-33AC-41F6-873D-AC1EAB1965B4}.Debug|x86.Build.0 = Debug|Win32
		{C8A6992D-33AC-41F6-873D-AC1EAB1965B4}.Release|x64.ActiveCfg = Release|x64
		{C8A6992D-33AC-41F6-873D-AC1EAB1965B4}.Release|x64.Build.0 = Release|x64
		{C8A6992D-33AC-41F6-873D-AC1EAB1965B4}.Release|x86.ActiveCfg = Release|Win32
		{C8A6992D-33AC-41F6-873D-AC1EAB1965B4}.Release|x86.Build.0 = Release|Win32
		{EBAF5470-8492-4765-8AF7-E65385476660}.Debug|x64.ActiveCfg = Debug|x64
		{EBAF5470-8492-4765-8AF7-E65385476660}.Debug|x64.Build.0 = Debug|x64
		{EBAF5470-8492-4765-8AF7-E65385476660}.Debug|x86.ActiveCfg = Debug|Win32
		{EBAF5470-8492-4765-8AF7-E65385476660}.Debug|x86.Build.0 = Debug|Win32
		{EBAF5470-8492-4765-8AF7-E65385476660}.Release|x64.ActiveCfg = Release|x64
		{EBAF5470-8492-4765-8AF7-E65385476660}.Release|x64.Build.0 = Release|x64
		{EBAF5470-8492-4765-8AF7-E65385476660}.Release|x86.ActiveCfg = Release|Win32
		{EBAF5470-8492-4765-8AF7-E65385476660}.Release|x86.Build.0 = Release|Win32
		{05D845E6-E573-4CFC-A534-816A2812D4E0}.Debug|x64.ActiveCfg = Debug|x64
		{05D845E6-E573-4CFC-A534-816A2812D4E0}.Debug|x64.Build.0 = Debug|x64
		{05D845E6-E573-4CFC-A534-816A2812D4E0}.Debug|x86.ActiveCfg = Debug|Win32
		{05D845E6-E573-4CFC-A534-816A2812D4E0}.Debug|x86.Build.0 = Debug|Win32
		{05D845E6-E573-4CFC-A534-816A2812D4E0}.Release|x64.ActiveCfg = Release|x64
		{05D845E6-E573-4CFC-A534-816A2812D4E0}.Release|x64.Build.0 = Release|x64
		{05D845E6-E573-4CFC-A534-816A2812D4E0}.Release|x86.ActiveCfg = Release|Win32
		{05D845E6-E573-4CFC-A534-816A2812D4E0}.Release|x86.Build.0 = Release|Win32
		{874D8878-FD39-4C0A-B74D-C5F24E9DA0FB}.Debug|x64.ActiveCfg = Debug|x64
		{874D8878-FD39-4C0A-B74D-C5F24E9DA0FB}.Debug|x64.Build.0 = Debug|x64
		{874D8878-FD39-4C0A-B74D-C5F24E9DA0FB}.Debug|x86.ActiveCfg = Debug|Win32
		{874D8878-FD39-4C0A-B74D-C5F24E9DA0FB}.Debug|x86.Build.0 = Debug|Win32
		{874D8878-FD39-4C0A-B74D-C5F24E9DA0FB}.Release|x64.ActiveCfg = Release|x64
		{874D8878-FD39-4C0A-B74D-C5F24E9DA0FB}.Release|x64.Build.0 = Release|x64
		{874D8878-FD39-4C0A-B74D-C5F24E9DA0FB}.Release|x86.ActiveCfg = Release|Win32
		{874D8878-FD39-4C0A-B74D-C5F24E9DA0FB}.Release|x86.Build.0 = Release|Win32
		{014DA1D9-5997-46F5-A2BB-686221FF6FDF}.Debug|x64.ActiveCfg = Debug|x64
		{014DA1D9-5997-46F5-A2BB-686221FF6FDF}.Debug|x64.Build.0 = Debug|x64
		{014DA1D9-5997-46F5-A2BB-686221FF6FDF}.Debug|x86.ActiveCfg = Debug|Win32
		{014DA1D9-5997-46F5-A2BB-686221FF6FDF}.Debug|x86.Build.0 = Debug|Win32
		{014DA1D9-5997-46F5-A2BB-686221FF6FDF}.Release|x64.ActiveCfg = Release|x64
		{014DA1D9-5997-46F5-A2BB-686221FF6FDF}.Release|x64.Build.0 = Release|x64
		{014DA1D9-5997-46F5-A2BB-686221FF6FDF}.Release|x86.ActiveCfg = Release|Win32
		{014DA1D9-5997-46F5-A2BB-686221FF6FDF}.Release|x86.Build.0 = Release|Win32
		{A835C1A9-FEAE-47E6-B524-E271AAADD29B}.Debug|x64.ActiveCfg = Debug|x64
		{A835C1A9-FEAE-47E6-B524-E271AAADD29B}.Debug|x64.Build.0 = Debug|x64
		{A835C1A9-FEAE-47E6-B524-E271AAADD29B}.Debug|x86.ActiveCfg = Debug|Win32
		{A835C1A9-FEAE-47E6-B524-E271AAADD29B}.Debug|x86.Build.0 = Debug|Win32
		{A835C1A9-FEAE-47E6-B524-E271AAADD29B}.Release|x64.ActiveCfg = Release|x64
		{A835C1A9-FEAE-47E6-B524-E271AAADD29B}.Release|x64.Build.0 = Release|x64
		{A835C1A9-FEAE-47E6-B524-E271AAADD29B}.Release|x86.ActiveCfg = Release|Win32
		{A835C1A9-FEAE-47E6-B524-E271AAADD29B}.Release|x86.Build.0 = Release|Win32
		{455F9934-B2AF-43FE-98EB-EA0C7F9D9F75}.Debug|x64.ActiveCfg = Debug|x64
		{455F9934-B2AF-43FE-98EB-EA0C7F9D9F75}.Debug|x64.Build.0 = Debug|x64
		{455F9934-B2AF-43FE-98EB-EA0C7F9D9F75}.Debug|x86.ActiveCfg = Debug|Win32
		{455F9934-B2AF-43FE-98EB-EA0C7F9D9F75}.Debug|x86.Build.0 = Debug|Win32
		{455F9934-B2AF-43FE-98EB-EA0C7F9D9F75}.Release|x64.ActiveCfg = Release|x64
		{455F9934-B2AF-43FE-98EB-EA0C7F9D9F75}.Release|x64.Build.0 = Release|x64
		{455F9934-B2AF-43FE-98EB-EA0C7F9D9F75}.Release|x86.ActiveCfg = Release|Win32
		{455F9934-B2AF-43FE-98EB-EA0C7F9D9F75}.Release|x86.Build.0 = Release|Win32
		{12C58588-092F-4070-90D7-2534DAFAE33C}.Debug|x64.ActiveCfg = Debug|x64
		{12C58588-092F-4070-90D7-2534DAFAE33C}.Debug|x64.Build.0 = Debug|x64
		{12C58588-092F-4070-90D7-2534DAFAE33C}.Debug|x86.ActiveCfg = Debug|Win32
		{12C58588-092F-4070-90D7-2534DAFAE33C}.Debug|x86.Build.0 = Debug|Win32
		{12C58588-092F-4070-90D7-2534DAFAE33C}.Release|x64.ActiveCfg = Release|x64
		{12C58588-092F-4070-90D7-2534DAFAE33C}.Release|x64.Build.0 = Release|x64
		{12C58588-092F-4070-90D7-2534DAFAE33C}.Release|x86.ActiveCfg = Release|Win32
		{12C58588-092F-4070-90D7-2534DAFAE33C}.Release|x86.Build.0 = Release|Win32
		{E2009F10-04CF-451C-9045-A7AC9E536014}.Debug|x64.ActiveCfg = Debug|x64
		{E2009F10-04CF-451C-9045-A7AC9E536014}.Debug|x64.Build.0 = Debug|x64
		{E2009F10-04CF-451C-9045-A7AC9E536014}.Debug|x86.ActiveCfg = Debug|Win32
		{E2009F10-04CF-451C-9045-A7AC9E536014}.Debug|x86.Build.0 = Debug|Win32
		{E2009F10-04CF-451C-9045-A7AC9E536014}.Release|x64.ActiveCfg = Release|x64
		{E2009F10-04CF-451C-9045-A7AC9E536014}.Release|x64.Build.0 = Release|x64
		{E2009F10-04CF-451C-9045-A7AC9E536014}.Release|x86.ActiveCfg = Release|Win32
		{E2009F10-04CF-451C-9045-A7AC9E536014}.Release|x86.Build.0 = Release|Win32
	EndGlobalSection
	GlobalSection(SolutionProperties) = preSolution
		HideSolutionNode = FALSE
	EndGlobalSection
	GlobalSection(ExtensibilityGlobals) = postSolution
		SolutionGuid = {FA40943C-0794-4DE9-93CC-0CD8A1BA6E9D}
	EndGlobalSection
EndGlobal
